github.com/ibmdb/go_ibm_db v0.5.2 h1:g5bHeJdy4SXhw6c9PX1I3Tn4KrCbAzl2faX1BfTTR/8=
github.com/ibmdb/go_ibm_db v0.5.2/go.mod h1:BA12Alfe+h5BMGZGE+b0pqP4leILZkpoxe5qr/iMoHw=
github.com/ibmruntimes/go-recordio/v2 v2.0.0-20240416213906-ae0ad556db70 h1:muF5XqVkHnMdbMDXusPdKtuT8qWzefBgSuLH1JVHcC4=
github.com/ibmruntimes/go-recordio/v2 v2.0.0-20240416213906-ae0ad556db70/go.mod h1:NSpUK0x9IyEoM1EjTp2/S8ErxZfRHoA2DfwiYobFSkc=
github.com/lib/pq v1.10.9 h1:YXG7RB+JIjhP29X+OtkiDnYaXQwpS4JEWq7dtCCRUEw=
github.com/lib/pq v1.10.9/go.mod h1:AlVN5x4E4T544tWzH6hKfbfQvm3HdbOxrmggDNAPY9o=
